{
  "originHash" : "272d13b5b9052a7d8717c88d14c9bb525ac7187658788e09b7822020930f6f4b",
  "pins" : [
    {
      "identity" : "sill",
      "kind" : "remoteSourceControl",
      "location" : "https://github.com/akira-toriyama/sill.git",
      "state" : {
        "revision" : "8411abeab44e1fd13d86e513a6fde5529d2f0b9c",
        "version" : "0.7.1"
      }
    }
  ],
  "version" : 3
}
