{
  "originHash" : "9507dec70f7afec88be1d435ad812f314ab92c46cb3e9811c951e24973a97429",
  "pins" : [
    {
      "identity" : "sill",
      "kind" : "remoteSourceControl",
      "location" : "https://github.com/akira-toriyama/sill.git",
      "state" : {
        "revision" : "250260a5b3fd920c5ee299b3bfd18ccf5ac82aad",
        "version" : "0.10.0"
      }
    }
  ],
  "version" : 3
}
